lockfileVersion: 5.4

specifiers:
  ohmyfetch: ^0.4.18

dependencies:
  ohmyfetch: 0.4.18

packages:

  /destr/1.1.1:
    resolution: {integrity: sha512-QqkneF8LrYmwATMdnuD2MLI3GHQIcBnG6qFC2q9bSH430VTCDAVjcspPmUaKhPGtAtPAftIUFqY1obQYQuwmbg==}
    dev: false

  /node-fetch-native/0.1.4:
    resolution: {integrity: sha512-10EKpOCQPXwZVFh3U1ptOMWBgKTbsN7Vvo6WVKt5pw4hp8zbv6ZVBZPlXw+5M6Tyi1oc1iD4/sNPd71KYA16tQ==}
    dev: false

  /ohmyfetch/0.4.18:
    resolution: {integrity: sha512-MslzNrQzBLtZHmiZBI8QMOcMpdNFlK61OJ34nFNFynZ4v+4BonfCQ7VIN4EGXvGGq5zhDzgdJoY3o9S1l2T7KQ==}
    dependencies:
      destr: 1.1.1
      node-fetch-native: 0.1.4
      ufo: 0.8.4
      undici: 5.5.1
    dev: false

  /ufo/0.8.4:
    resolution: {integrity: sha512-/+BmBDe8GvlB2nIflWasLLAInjYG0bC9HRnfEpNi4sw77J2AJNnEVnTDReVrehoh825+Q/evF3THXTAweyam2g==}
    dev: false

  /undici/5.5.1:
    resolution: {integrity: sha512-MEvryPLf18HvlCbLSzCW0U00IMftKGI5udnjrQbC5D4P0Hodwffhv+iGfWuJwg16Y/TK11ZFK8i+BPVW2z/eAw==}
    engines: {node: '>=12.18'}
    dev: false
